Microsoft Visual Studio Solution File, Format Version 11.00
# Visual Studio 2008

Project("{BE74D011-45A0-A6B1-AB09-52AECB6CB2F5}") = "main_menu", "Assembly-CSharp.csproj", "{4A10A4D6-3981-0707-289F-CB8395044386}"
EndProject
Global
	GlobalSection(SolutionConfigurationPlatforms) = preSolution
		Debug|Any CPU = Debug|Any CPU
		Release|Any CPU = Release|Any CPU
	EndGlobalSection
	GlobalSection(ProjectConfigurationPlatforms) = postSolution
		{4A10A4D6-3981-0707-289F-CB8395044386}.Debug|Any CPU.ActiveCfg = Debug|Any CPU
		{4A10A4D6-3981-0707-289F-CB8395044386}.Debug|Any CPU.Build.0 = Debug|Any CPU
		{4A10A4D6-3981-0707-289F-CB8395044386}.Release|Any CPU.ActiveCfg = Release|Any CPU
		{4A10A4D6-3981-0707-289F-CB8395044386}.Release|Any CPU.Build.0 = Release|Any CPU
	EndGlobalSection
	GlobalSection(SolutionProperties) = preSolution
		HideSolutionNode = FALSE
	EndGlobalSection
	GlobalSection(MonoDevelopProperties) = preSolution
		StartupItem = Assembly-CSharp.csproj
	EndGlobalSection
EndGlobal
