Microsoft Visual Studio Solution File, Format Version 11.00
# Visual Studio 2008

Project("{74E30FEA-AA00-AB6D-F812-424BCEF2A3DC}") = "partie-hugo", "Assembly-CSharp.csproj", "{A85D5EE2-70BA-166A-3855-138531236CB0}"
EndProject
Global
	GlobalSection(SolutionConfigurationPlatforms) = preSolution
		Debug|Any CPU = Debug|Any CPU
		Release|Any CPU = Release|Any CPU
	EndGlobalSection
	GlobalSection(ProjectConfigurationPlatforms) = postSolution
		{A85D5EE2-70BA-166A-3855-138531236CB0}.Debug|Any CPU.ActiveCfg = Debug|Any CPU
		{A85D5EE2-70BA-166A-3855-138531236CB0}.Debug|Any CPU.Build.0 = Debug|Any CPU
		{A85D5EE2-70BA-166A-3855-138531236CB0}.Release|Any CPU.ActiveCfg = Release|Any CPU
		{A85D5EE2-70BA-166A-3855-138531236CB0}.Release|Any CPU.Build.0 = Release|Any CPU
	EndGlobalSection
	GlobalSection(SolutionProperties) = preSolution
		HideSolutionNode = FALSE
	EndGlobalSection
	GlobalSection(MonoDevelopProperties) = preSolution
		StartupItem = Assembly-CSharp.csproj
	EndGlobalSection
EndGlobal
